
Microsoft Visual Studio Solution File, Format Version 12.00
# Visual Studio 14
VisualStudioVersion = 14.0.25420.1
MinimumVisualStudioVersion = 10.0.40219.1
Project("{FAE04EC0-301F-11D3-BF4B-00C04F79EFBC}") = "PrejectoTerinee", "PrejectoTerinee\PrejectoTerinee.csproj", "{4F542A0A-3318-415A-AC3E-1394ADA6642E}"
EndProject
Project("{FAE04EC0-301F-11D3-BF4B-00C04F79EFBC}") = "TraineeProgramaEX", "TraineeProgramaEX\TraineeProgramaEX.csproj", "{6663362E-000B-481A-91C0-E3916A0A8011}"
EndProject
Global
	GlobalSection(SolutionConfigurationPlatforms) = preSolution
		Debug|Any CPU = Debug|Any CPU
		Release|Any CPU = Release|Any CPU
	EndGlobalSection
	GlobalSection(ProjectConfigurationPlatforms) = postSolution
		{4F542A0A-3318-415A-AC3E-1394ADA6642E}.Debug|Any CPU.ActiveCfg = Debug|Any CPU
		{4F542A0A-3318-415A-AC3E-1394ADA6642E}.Debug|Any CPU.Build.0 = Debug|Any CPU
		{4F542A0A-3318-415A-AC3E-1394ADA6642E}.Release|Any CPU.ActiveCfg = Release|Any CPU
		{4F542A0A-3318-415A-AC3E-1394ADA6642E}.Release|Any CPU.Build.0 = Release|Any CPU
		{6663362E-000B-481A-91C0-E3916A0A8011}.Debug|Any CPU.ActiveCfg = Debug|Any CPU
		{6663362E-000B-481A-91C0-E3916A0A8011}.Debug|Any CPU.Build.0 = Debug|Any CPU
		{6663362E-000B-481A-91C0-E3916A0A8011}.Release|Any CPU.ActiveCfg = Release|Any CPU
		{6663362E-000B-481A-91C0-E3916A0A8011}.Release|Any CPU.Build.0 = Release|Any CPU
	EndGlobalSection
	GlobalSection(SolutionProperties) = preSolution
		HideSolutionNode = FALSE
	EndGlobalSection
EndGlobal
